
Microsoft Visual Studio Solution File, Format Version 11.00
# Visual Studio 2010
Project("{FAE04EC0-301F-11D3-BF4B-00C04F79EFBC}") = "Assembly-CSharp", "Assembly-CSharp.csproj", "{2b0d9248-bdee-16d3-8f53-3009486f9f5f}"
EndProject
Project("{FAE04EC0-301F-11D3-BF4B-00C04F79EFBC}") = "Assembly-CSharp-Editor", "Assembly-CSharp-Editor.csproj", "{95b17fe5-99c8-219f-2d5c-f13e7ccc36eb}"
EndProject
Global
	GlobalSection(SolutionConfigurationPlatforms) = preSolution
		Debug|Any CPU = Debug|Any CPU
	EndGlobalSection
	GlobalSection(ProjectConfigurationPlatforms) = postSolution
		{2b0d9248-bdee-16d3-8f53-3009486f9f5f}.Debug|Any CPU.ActiveCfg = Debug|Any CPU
		{2b0d9248-bdee-16d3-8f53-3009486f9f5f}.Debug|Any CPU.Build.0 = Debug|Any CPU
		{95b17fe5-99c8-219f-2d5c-f13e7ccc36eb}.Debug|Any CPU.ActiveCfg = Debug|Any CPU
		{95b17fe5-99c8-219f-2d5c-f13e7ccc36eb}.Debug|Any CPU.Build.0 = Debug|Any CPU
	EndGlobalSection
	GlobalSection(SolutionProperties) = preSolution
		HideSolutionNode = FALSE
	EndGlobalSection
EndGlobal
